
Microsoft Visual Studio Solution File, Format Version 12.00
# Visual Studio Version 17
VisualStudioVersion = 17.13.35919.96 d17.13
MinimumVisualStudioVersion = 10.0.40219.1
Project("{8BC9CEB8-8B4A-11D0-8D11-00A0C91BC942}") = "L20250401_Array", "L20250401_Array.vcxproj", "{30212476-30A3-4305-99D7-3C8FEEA89B38}"
EndProject
Global
	GlobalSection(SolutionConfigurationPlatforms) = preSolution
		Debug|x64 = Debug|x64
		Debug|x86 = Debug|x86
		Release|x64 = Release|x64
		Release|x86 = Release|x86
	EndGlobalSection
	GlobalSection(ProjectConfigurationPlatforms) = postSolution
		{30212476-30A3-4305-99D7-3C8FEEA89B38}.Debug|x64.ActiveCfg = Debug|x64
		{30212476-30A3-4305-99D7-3C8FEEA89B38}.Debug|x64.Build.0 = Debug|x64
		{30212476-30A3-4305-99D7-3C8FEEA89B38}.Debug|x86.ActiveCfg = Debug|Win32
		{30212476-30A3-4305-99D7-3C8FEEA89B38}.Debug|x86.Build.0 = Debug|Win32
		{30212476-30A3-4305-99D7-3C8FEEA89B38}.Release|x64.ActiveCfg = Release|x64
		{30212476-30A3-4305-99D7-3C8FEEA89B38}.Release|x64.Build.0 = Release|x64
		{30212476-30A3-4305-99D7-3C8FEEA89B38}.Release|x86.ActiveCfg = Release|Win32
		{30212476-30A3-4305-99D7-3C8FEEA89B38}.Release|x86.Build.0 = Release|Win32
	EndGlobalSection
	GlobalSection(SolutionProperties) = preSolution
		HideSolutionNode = FALSE
	EndGlobalSection
	GlobalSection(ExtensibilityGlobals) = postSolution
		SolutionGuid = {6E58097D-FB49-4FE7-9CD3-F1536F7D26F9}
	EndGlobalSection
EndGlobal
